{
  "name": "ArgentBank-website",
  "lockfileVersion": 3,
  "requires": true,
  "packages": {
    "": {
      "dependencies": {
        "@reduxjs/toolkit": "^2.0.1"
      }
    },
    "node_modules/@reduxjs/toolkit": {
      "version": "2.0.1",
      "resolved": "https://registry.npmjs.org/@reduxjs/toolkit/-/toolkit-2.0.1.tgz",
      "integrity": "sha512-fxIjrR9934cmS8YXIGd9e7s1XRsEU++aFc9DVNMFMRTM5Vtsg2DCRMj21eslGtDt43IUf9bJL3h5bwUlZleibA==",
      "dependencies": {
        "immer": "^10.0.3",
        "redux": "^5.0.0",
        "redux-thunk": "^3.1.0",
        "reselect": "^5.0.1"
      },
      "peerDependencies": {
        "react": "^16.9.0 || ^17.0.0 || ^18",
        "react-redux": "^7.2.1 || ^8.1.3 || ^9.0.0"
      },
      "peerDependenciesMeta": {
        "react": {
          "optional": true
        },
        "react-redux": {
          "optional": true
        }
      }
    },
    "node_modules/immer": {
      "version": "10.0.3",
      "resolved": "https://registry.npmjs.org/immer/-/immer-10.0.3.tgz",
      "integrity": "sha512-pwupu3eWfouuaowscykeckFmVTpqbzW+rXFCX8rQLkZzM9ftBmU/++Ra+o+L27mz03zJTlyV4UUr+fdKNffo4A==",
      "funding": {
        "type": "opencollective",
        "url": "https://opencollective.com/immer"
      }
    },
    "node_modules/redux": {
      "version": "5.0.0",
      "resolved": "https://registry.npmjs.org/redux/-/redux-5.0.0.tgz",
      "integrity": "sha512-blLIYmYetpZMET6Q6uCY7Jtl/Im5OBldy+vNPauA8vvsdqyt66oep4EUpAMWNHauTC6xa9JuRPhRB72rY82QGA=="
    },
    "node_modules/redux-thunk": {
      "version": "3.1.0",
      "resolved": "https://registry.npmjs.org/redux-thunk/-/redux-thunk-3.1.0.tgz",
      "integrity": "sha512-NW2r5T6ksUKXCabzhL9z+h206HQw/NJkcLm1GPImRQ8IzfXwRGqjVhKJGauHirT0DAuyy6hjdnMZaRoAcy0Klw==",
      "peerDependencies": {
        "redux": "^5.0.0"
      }
    },
    "node_modules/reselect": {
      "version": "5.0.1",
      "resolved": "https://registry.npmjs.org/reselect/-/reselect-5.0.1.tgz",
      "integrity": "sha512-D72j2ubjgHpvuCiORWkOUxndHJrxDaSolheiz5CO+roz8ka97/4msh2E8F5qay4GawR5vzBt5MkbDHT+Rdy/Wg=="
    }
  }
}
